
Microsoft Visual Studio Solution File, Format Version 12.00
# Visual Studio 15
Project("{FAE04EC0-301F-11D3-BF4B-00C04F79EFBC}") = "Assembly-CSharp", "Assembly-CSharp.csproj", "{8638DEA6-E409-F9FD-9875-088F8C5CDA91}"
EndProject
Project("{FAE04EC0-301F-11D3-BF4B-00C04F79EFBC}") = "Assembly-CSharp-Editor", "Assembly-CSharp-Editor.csproj", "{F8BC5869-3D63-4178-2179-1B045A634EC6}"
EndProject
Global
	GlobalSection(SolutionConfigurationPlatforms) = preSolution
		Debug|Any CPU = Debug|Any CPU
		Release|Any CPU = Release|Any CPU
	EndGlobalSection
	GlobalSection(ProjectConfigurationPlatforms) = postSolution
		{8638DEA6-E409-F9FD-9875-088F8C5CDA91}.Debug|Any CPU.ActiveCfg = Debug|Any CPU
		{8638DEA6-E409-F9FD-9875-088F8C5CDA91}.Debug|Any CPU.Build.0 = Debug|Any CPU
		{8638DEA6-E409-F9FD-9875-088F8C5CDA91}.Release|Any CPU.ActiveCfg = Release|Any CPU
		{8638DEA6-E409-F9FD-9875-088F8C5CDA91}.Release|Any CPU.Build.0 = Release|Any CPU
		{F8BC5869-3D63-4178-2179-1B045A634EC6}.Debug|Any CPU.ActiveCfg = Debug|Any CPU
		{F8BC5869-3D63-4178-2179-1B045A634EC6}.Debug|Any CPU.Build.0 = Debug|Any CPU
		{F8BC5869-3D63-4178-2179-1B045A634EC6}.Release|Any CPU.ActiveCfg = Release|Any CPU
		{F8BC5869-3D63-4178-2179-1B045A634EC6}.Release|Any CPU.Build.0 = Release|Any CPU
	EndGlobalSection
	GlobalSection(SolutionProperties) = preSolution
		HideSolutionNode = FALSE
	EndGlobalSection
EndGlobal
